// !$*UTF8*$!
{
	archiveVersion = 1;
	classes = {
	};
	objectVersion = 50;
	objects = {

/* Begin PBXBuildFile section */
		3D2B8853241F3AD7002BEFDD /* AppDelegate.swift in Sources */ = {isa = PBXBuildFile; fileRef = 3D2B8852241F3AD7002BEFDD /* AppDelegate.swift */; };
		3D2B8855241F3AD7002BEFDD /* SceneDelegate.swift in Sources */ = {isa = PBXBuildFile; fileRef = 3D2B8854241F3AD7002BEFDD /* SceneDelegate.swift */; };
		3D2B8857241F3AD7002BEFDD /* ViewController.swift in Sources */ = {isa = PBXBuildFile; fileRef = 3D2B8856241F3AD7002BEFDD /* ViewController.swift */; };
		3D2B885A241F3AD7002BEFDD /* Main.storyboard in Resources */ = {isa = PBXBuildFile; fileRef = 3D2B8858241F3AD7002BEFDD /* Main.storyboard */; };
		3D2B885C241F3AD9002BEFDD /* Assets.xcassets in Resources */ = {isa = PBXBuildFile; fileRef = 3D2B885B241F3AD9002BEFDD /* Assets.xcassets */; };
		3D2B885F241F3AD9002BEFDD /* LaunchScreen.storyboard in Resources */ = {isa = PBXBuildFile; fileRef = 3D2B885D241F3AD9002BEFDD /* LaunchScreen.storyboard */; };
/* End PBXBuildFile section */

/* Begin PBXFileReference section */
		3D2B884F241F3AD7002BEFDD /* New_TrackerGIT_ElsaB.app */ = {isa = PBXFileReference; explicitFileType = wrapper.application; includeInIndex = 0; path = New_TrackerGIT_ElsaB.app; sourceTree = BUILT_PRODUCTS_DIR; };
		3D2B8852241F3AD7002BEFDD /* AppDelegate.swift */ = {isa = PBXFileReference; lastKnownFileType = sourcecode.swift; path = AppDelegate.swift; sourceTree = "<group>"; };
		3D2B8854241F3AD7002BEFDD /* SceneDelegate.swift */ = {isa = PBXFileReference; lastKnownFileType = sourcecode.swift; path = SceneDelegate.swift; sourceTree = "<group>"; };
		3D2B8856241F3AD7002BEFDD /* ViewController.swift */ = {isa = PBXFileReference; lastKnownFileType = sourcecode.swift; path = ViewController.swift; sourceTree = "<group>"; };
		3D2B8859241F3AD7002BEFDD /* Base */ = {isa = PBXFileReference; lastKnownFileType = file.storyboard; name = Base; path = Base.lproj/Main.storyboard; sourceTree = "<group>"; };
		3D2B885B241F3AD9002BEFDD /* Assets.xcassets */ = {isa = PBXFileReference; lastKnownFileType = folder.assetcatalog; path = Assets.xcassets; sourceTree = "<group>"; };
		3D2B885E241F3AD9002BEFDD /* Base */ = {isa = PBXFileReference; lastKnownFileType = file.storyboard; name = Base; path = Base.lproj/LaunchScreen.storyboard; sourceTree = "<group>"; };
		3D2B8860241F3AD9002BEFDD /* Info.plist */ = {isa = PBXFileReference; lastKnownFileType = text.plist.xml; path = Info.plist; sourceTree = "<group>"; };
/* End PBXFileReference section */

/* Begin PBXFrameworksBuildPhase section */
		3D2B884C241F3AD7002BEFDD /* Frameworks */ = {
			isa = PBXFrameworksBuildPhase;
			buildActionMask = 2147483647;
			files = (
			);
			runOnlyForDeploymentPostprocessing = 0;
		};
/* End PBXFrameworksBuildPhase section */

/* Begin PBXGroup section */
		3D2B8846241F3AD6002BEFDD = {
			isa = PBXGroup;
			children = (
				3D2B8851241F3AD7002BEFDD /* New_TrackerGIT_ElsaB */,
				3D2B8850241F3AD7002BEFDD /* Products */,
			);
			sourceTree = "<group>";
		};
		3D2B8850241F3AD7002BEFDD /* Products */ = {
			isa = PBXGroup;
			children = (
				3D2B884F241F3AD7002BEFDD /* New_TrackerGIT_ElsaB.app */,
			);
			name = Products;
			sourceTree = "<group>";
		};
		3D2B8851241F3AD7002BEFDD /* New_TrackerGIT_ElsaB */ = {
			isa = PBXGroup;
			children = (
				3D2B8852241F3AD7002BEFDD /* AppDelegate.swift */,
				3D2B8854241F3AD7002BEFDD /* SceneDelegate.swift */,
				3D2B8856241F3AD7002BEFDD /* ViewController.swift */,
				3D2B8858241F3AD7002BEFDD /* Main.storyboard */,
				3D2B885B241F3AD9002BEFDD /* Assets.xcassets */,
				3D2B885D241F3AD9002BEFDD /* LaunchScreen.storyboard */,
				3D2B8860241F3AD9002BEFDD /* Info.plist */,
			);
			path = New_TrackerGIT_ElsaB;
			sourceTree = "<group>";
		};
/* End PBXGroup section */

/* Begin PBXNativeTarget section */
		3D2B884E241F3AD7002BEFDD /* New_TrackerGIT_ElsaB */ = {
			isa = PBXNativeTarget;
			buildConfigurationList = 3D2B8863241F3AD9002BEFDD /* Build configuration list for PBXNativeTarget "New_TrackerGIT_ElsaB" */;
			buildPhases = (
				3D2B884B241F3AD7002BEFDD /* Sources */,
				3D2B884C241F3AD7002BEFDD /* Frameworks */,
				3D2B884D241F3AD7002BEFDD /* Resources */,
			);
			buildRules = (
			);
			dependencies = (
			);
			name = New_TrackerGIT_ElsaB;
			productName = New_TrackerGIT_ElsaB;
			productReference = 3D2B884F241F3AD7002BEFDD /* New_TrackerGIT_ElsaB.app */;
			productType = "com.apple.product-type.application";
		};
/* End PBXNativeTarget section */

/* Begin PBXProject section */
		3D2B8847241F3AD6002BEFDD /* Project object */ = {
			isa = PBXProject;
			attributes = {
				LastSwiftUpdateCheck = 1130;
				LastUpgradeCheck = 1130;
				ORGANIZATIONNAME = "Elsa B";
				TargetAttributes = {
					3D2B884E241F3AD7002BEFDD = {
						CreatedOnToolsVersion = 11.3.1;
					};
				};
			};
			buildConfigurationList = 3D2B884A241F3AD7002BEFDD /* Build configuration list for PBXProject "New_TrackerGIT_ElsaB" */;
			compatibilityVersion = "Xcode 9.3";
			developmentRegion = en;
			hasScannedForEncodings = 0;
			knownRegions = (
				en,
				Base,
			);
			mainGroup = 3D2B8846241F3AD6002BEFDD;
			productRefGroup = 3D2B8850241F3AD7002BEFDD /* Products */;
			projectDirPath = "";
			projectRoot = "";
			targets = (
				3D2B884E241F3AD7002BEFDD /* New_TrackerGIT_ElsaB */,
			);
		};
/* End PBXProject section */

/* Begin PBXResourcesBuildPhase section */
		3D2B884D241F3AD7002BEFDD /* Resources */ = {
			isa = PBXResourcesBuildPhase;
			buildActionMask = 2147483647;
			files = (
				3D2B885F241F3AD9002BEFDD /* LaunchScreen.storyboard in Resources */,
				3D2B885C241F3AD9002BEFDD /* Assets.xcassets in Resources */,
				3D2B885A241F3AD7002BEFDD /* Main.storyboard in Resources */,
			);
			runOnlyForDeploymentPostprocessing = 0;
		};
/* End PBXResourcesBuildPhase section */

/* Begin PBXSourcesBuildPhase section */
		3D2B884B241F3AD7002BEFDD /* Sources */ = {
			isa = PBXSourcesBuildPhase;
			buildActionMask = 2147483647;
			files = (
				3D2B8857241F3AD7002BEFDD /* ViewController.swift in Sources */,
				3D2B8853241F3AD7002BEFDD /* AppDelegate.swift in Sources */,
				3D2B8855241F3AD7002BEFDD /* SceneDelegate.swift in Sources */,
			);
			runOnlyForDeploymentPostprocessing = 0;
		};
/* End PBXSourcesBuildPhase section */

/* Begin PBXVariantGroup section */
		3D2B8858241F3AD7002BEFDD /* Main.storyboard */ = {
			isa = PBXVariantGroup;
			children = (
				3D2B8859241F3AD7002BEFDD /* Base */,
			);
			name = Main.storyboard;
			sourceTree = "<group>";
		};
		3D2B885D241F3AD9002BEFDD /* LaunchScreen.storyboard */ = {
			isa = PBXVariantGroup;
			children = (
				3D2B885E241F3AD9002BEFDD /* Base */,
			);
			name = LaunchScreen.storyboard;
			sourceTree = "<group>";
		};
/* End PBXVariantGroup section */

/* Begin XCBuildConfiguration section */
		3D2B8861241F3AD9002BEFDD /* Debug */ = {
			isa = XCBuildConfiguration;
			buildSettings = {
				ALWAYS_SEARCH_USER_PATHS = NO;
				CLANG_ANALYZER_NONNULL = YES;
				CLANG_ANALYZER_NUMBER_OBJECT_CONVERSION = YES_AGGRESSIVE;
				CLANG_CXX_LANGUAGE_STANDARD = "gnu++14";
				CLANG_CXX_LIBRARY = "libc++";
				CLANG_ENABLE_MODULES = YES;
				CLANG_ENABLE_OBJC_ARC = YES;
				CLANG_ENABLE_OBJC_WEAK = YES;
				CLANG_WARN_BLOCK_CAPTURE_AUTORELEASING = YES;
				CLANG_WARN_BOOL_CONVERSION = YES;
				CLANG_WARN_COMMA = YES;
				CLANG_WARN_CONSTANT_CONVERSION = YES;
				CLANG_WARN_DEPRECATED_OBJC_IMPLEMENTATIONS = YES;
				CLANG_WARN_DIRECT_OBJC_ISA_USAGE = YES_ERROR;
				CLANG_WARN_DOCUMENTATION_COMMENTS = YES;
				CLANG_WARN_EMPTY_BODY = YES;
				CLANG_WARN_ENUM_CONVERSION = YES;
				CLANG_WARN_INFINITE_RECURSION = YES;
				CLANG_WARN_INT_CONVERSION = YES;
				CLANG_WARN_NON_LITERAL_NULL_CONVERSION = YES;
				CLANG_WARN_OBJC_IMPLICIT_RETAIN_SELF = YES;
				CLANG_WARN_OBJC_LITERAL_CONVERSION = YES;
				CLANG_WARN_OBJC_ROOT_CLASS = YES_ERROR;
				CLANG_WARN_RANGE_LOOP_ANALYSIS = YES;
				CLANG_WARN_STRICT_PROTOTYPES = YES;
				CLANG_WARN_SUSPICIOUS_MOVE = YES;
				CLANG_WARN_UNGUARDED_AVAILABILITY = YES_AGGRESSIVE;
				CLANG_WARN_UNREACHABLE_CODE = YES;
				CLANG_WARN__DUPLICATE_METHOD_MATCH = YES;
				COPY_PHASE_STRIP = NO;
				DEBUG_INFORMATION_FORMAT = dwarf;
				ENABLE_STRICT_OBJC_MSGSEND = YES;
				ENABLE_TESTABILITY = YES;
				GCC_C_LANGUAGE_STANDARD = gnu11;
				GCC_DYNAMIC_NO_PIC = NO;
				GCC_NO_COMMON_BLOCKS = YES;
				GCC_OPTIMIZATION_LEVEL = 0;
				GCC_PREPROCESSOR_DEFINITIONS = (
					"DEBUG=1",
					"$(inherited)",
				);
				GCC_WARN_64_TO_32_BIT_CONVERSION = YES;
				GCC_WARN_ABOUT_RETURN_TYPE = YES_ERROR;
				GCC_WARN_UNDECLARED_SELECTOR = YES;
				GCC_WARN_UNINITIALIZED_AUTOS = YES_AGGRESSIVE;
				GCC_WARN_UNUSED_FUNCTION = YES;
				GCC_WARN_UNUSED_VARIABLE = YES;
				IPHONEOS_DEPLOYMENT_TARGET = 13.2;
				MTL_ENABLE_DEBUG_INFO = INCLUDE_SOURCE;
				MTL_FAST_MATH = YES;
				ONLY_ACTIVE_ARCH = YES;
				SDKROOT = iphoneos;
				SWIFT_ACTIVE_COMPILATION_CONDITIONS = DEBUG;
				SWIFT_OPTIMIZATION_LEVEL = "-Onone";
			};
			name = Debug;
		};
		3D2B8862241F3AD9002BEFDD /* Release */ = {
			isa = XCBuildConfiguration;
			buildSettings = {
				ALWAYS_SEARCH_USER_PATHS = NO;
				CLANG_ANALYZER_NONNULL = YES;
				CLANG_ANALYZER_NUMBER_OBJECT_CONVERSION = YES_AGGRESSIVE;
				CLANG_CXX_LANGUAGE_STANDARD = "gnu++14";
				CLANG_CXX_LIBRARY = "libc++";
				CLANG_ENABLE_MODULES = YES;
				CLANG_ENABLE_OBJC_ARC = YES;
				CLANG_ENABLE_OBJC_WEAK = YES;
				CLANG_WARN_BLOCK_CAPTURE_AUTORELEASING = YES;
				CLANG_WARN_BOOL_CONVERSION = YES;
				CLANG_WARN_COMMA = YES;
				CLANG_WARN_CONSTANT_CONVERSION = YES;
				CLANG_WARN_DEPRECATED_OBJC_IMPLEMENTATIONS = YES;
				CLANG_WARN_DIRECT_OBJC_ISA_USAGE = YES_ERROR;
				CLANG_WARN_DOCUMENTATION_COMMENTS = YES;
				CLANG_WARN_EMPTY_BODY = YES;
				CLANG_WARN_ENUM_CONVERSION = YES;
				CLANG_WARN_INFINITE_RECURSION = YES;
				CLANG_WARN_INT_CONVERSION = YES;
				CLANG_WARN_NON_LITERAL_NULL_CONVERSION = YES;
				CLANG_WARN_OBJC_IMPLICIT_RETAIN_SELF = YES;
				CLANG_WARN_OBJC_LITERAL_CONVERSION = YES;
				CLANG_WARN_OBJC_ROOT_CLASS = YES_ERROR;
				CLANG_WARN_RANGE_LOOP_ANALYSIS = YES;
				CLANG_WARN_STRICT_PROTOTYPES = YES;
				CLANG_WARN_SUSPICIOUS_MOVE = YES;
				CLANG_WARN_UNGUARDED_AVAILABILITY = YES_AGGRESSIVE;
				CLANG_WARN_UNREACHABLE_CODE = YES;
				CLANG_WARN__DUPLICATE_METHOD_MATCH = YES;
				COPY_PHASE_STRIP = NO;
				DEBUG_INFORMATION_FORMAT = "dwarf-with-dsym";
				ENABLE_NS_ASSERTIONS = NO;
				ENABLE_STRICT_OBJC_MSGSEND = YES;
				GCC_C_LANGUAGE_STANDARD = gnu11;
				GCC_NO_COMMON_BLOCKS = YES;
				GCC_WARN_64_TO_32_BIT_CONVERSION = YES;
				GCC_WARN_ABOUT_RETURN_TYPE = YES_ERROR;
				GCC_WARN_UNDECLARED_SELECTOR = YES;
				GCC_WARN_UNINITIALIZED_AUTOS = YES_AGGRESSIVE;
				GCC_WARN_UNUSED_FUNCTION = YES;
				GCC_WARN_UNUSED_VARIABLE = YES;
				IPHONEOS_DEPLOYMENT_TARGET = 13.2;
				MTL_ENABLE_DEBUG_INFO = NO;
				MTL_FAST_MATH = YES;
				SDKROOT = iphoneos;
				SWIFT_COMPILATION_MODE = wholemodule;
				SWIFT_OPTIMIZATION_LEVEL = "-O";
				VALIDATE_PRODUCT = YES;
			};
			name = Release;
		};
		3D2B8864241F3AD9002BEFDD /* Debug */ = {
			isa = XCBuildConfiguration;
			buildSettings = {
				ASSETCATALOG_COMPILER_APPICON_NAME = AppIcon;
				CODE_SIGN_STYLE = Automatic;
				INFOPLIST_FILE = New_TrackerGIT_ElsaB/Info.plist;
				LD_RUNPATH_SEARCH_PATHS = (
					"$(inherited)",
					"@executable_path/Frameworks",
				);
				PRODUCT_BUNDLE_IDENTIFIER = "com.Elsa-GIT.New-TrackerGIT-ElsaB";
				PRODUCT_NAME = "$(TARGET_NAME)";
				SWIFT_VERSION = 5.0;
				TARGETED_DEVICE_FAMILY = "1,2";
			};
			name = Debug;
		};
		3D2B8865241F3AD9002BEFDD /* Release */ = {
			isa = XCBuildConfiguration;
			buildSettings = {
				ASSETCATALOG_COMPILER_APPICON_NAME = AppIcon;
				CODE_SIGN_STYLE = Automatic;
				INFOPLIST_FILE = New_TrackerGIT_ElsaB/Info.plist;
				LD_RUNPATH_SEARCH_PATHS = (
					"$(inherited)",
					"@executable_path/Frameworks",
				);
				PRODUCT_BUNDLE_IDENTIFIER = "com.Elsa-GIT.New-TrackerGIT-ElsaB";
				PRODUCT_NAME = "$(TARGET_NAME)";
				SWIFT_VERSION = 5.0;
				TARGETED_DEVICE_FAMILY = "1,2";
			};
			name = Release;
		};
/* End XCBuildConfiguration section */

/* Begin XCConfigurationList section */
		3D2B884A241F3AD7002BEFDD /* Build configuration list for PBXProject "New_TrackerGIT_ElsaB" */ = {
			isa = XCConfigurationList;
			buildConfigurations = (
				3D2B8861241F3AD9002BEFDD /* Debug */,
				3D2B8862241F3AD9002BEFDD /* Release */,
			);
			defaultConfigurationIsVisible = 0;
			defaultConfigurationName = Release;
		};
		3D2B8863241F3AD9002BEFDD /* Build configuration list for PBXNativeTarget "New_TrackerGIT_ElsaB" */ = {
			isa = XCConfigurationList;
			buildConfigurations = (
				3D2B8864241F3AD9002BEFDD /* Debug */,
				3D2B8865241F3AD9002BEFDD /* Release */,
			);
			defaultConfigurationIsVisible = 0;
			defaultConfigurationName = Release;
		};
/* End XCConfigurationList section */
	};
	rootObject = 3D2B8847241F3AD6002BEFDD /* Project object */;
}
